
Microsoft Visual Studio Solution File, Format Version 12.00
# Visual Studio Version 16
VisualStudioVersion = 16.0.29025.244
MinimumVisualStudioVersion = 10.0.40219.1
Project("{9A19103F-16F7-4668-BE54-9A1E7A4F7556}") = "DotNetCoreSqlDb", "DotNetCoreSqlDb.csproj", "{06371F8A-D691-4F77-886D-906E1A716957}"
EndProject
Project("{FAE04EC0-301F-11D3-BF4B-00C04F79EFBC}") = "ImageAnalysis", "..\ImageAnalysis\ImageAnalysis.csproj", "{DD7A2236-C954-43B2-8589-46C7AB19B39A}"
EndProject
Global
	GlobalSection(SolutionConfigurationPlatforms) = preSolution
		Debug|Any CPU = Debug|Any CPU
		Release|Any CPU = Release|Any CPU
	EndGlobalSection
	GlobalSection(ProjectConfigurationPlatforms) = postSolution
		{06371F8A-D691-4F77-886D-906E1A716957}.Debug|Any CPU.ActiveCfg = Debug|Any CPU
		{06371F8A-D691-4F77-886D-906E1A716957}.Debug|Any CPU.Build.0 = Debug|Any CPU
		{06371F8A-D691-4F77-886D-906E1A716957}.Release|Any CPU.ActiveCfg = Release|Any CPU
		{06371F8A-D691-4F77-886D-906E1A716957}.Release|Any CPU.Build.0 = Release|Any CPU
		{DD7A2236-C954-43B2-8589-46C7AB19B39A}.Debug|Any CPU.ActiveCfg = Debug|Any CPU
		{DD7A2236-C954-43B2-8589-46C7AB19B39A}.Debug|Any CPU.Build.0 = Debug|Any CPU
		{DD7A2236-C954-43B2-8589-46C7AB19B39A}.Release|Any CPU.ActiveCfg = Release|Any CPU
		{DD7A2236-C954-43B2-8589-46C7AB19B39A}.Release|Any CPU.Build.0 = Release|Any CPU
	EndGlobalSection
	GlobalSection(SolutionProperties) = preSolution
		HideSolutionNode = FALSE
	EndGlobalSection
	GlobalSection(ExtensibilityGlobals) = postSolution
		SolutionGuid = {3DA3FA00-8CEB-4C91-BFA3-BDAC14FFE722}
	EndGlobalSection
EndGlobal
